
Microsoft Visual Studio Solution File, Format Version 12.00
# Visual Studio 14
VisualStudioVersion = 14.0.24720.0
MinimumVisualStudioVersion = 10.0.40219.1
Project("{FAE04EC0-301F-11D3-BF4B-00C04F79EFBC}") = "XamPet.Droid", "XamPet.Shared\XamPet.Shared.Droid\XamPet.Droid.csproj", "{FE3B6C9A-63CE-4317-AB25-944A67A38098}"
EndProject
Project("{FAE04EC0-301F-11D3-BF4B-00C04F79EFBC}") = "XamPet.iOS", "XamPet.Shared\XamPet.Shared.iOS\XamPet.iOS.csproj", "{A2E4E714-BC45-453C-849C-1D78D27DC7E5}"
EndProject
Project("{FAE04EC0-301F-11D3-BF4B-00C04F79EFBC}") = "XamPet.WinPhone", "XamPet.Shared\XamPet.Shared.WinPhone\XamPet.WinPhone.csproj", "{8B015331-719D-4C31-8EDB-B01BB83A0666}"
EndProject
Project("{D954291E-2A0B-460D-934E-DC6B0785DB48}") = "XamPet.Shared", "XamPet.Shared\XamPet.Shared\XamPet.Shared.shproj", "{BE0F8327-4051-4986-A343-795716F047C8}"
EndProject
Global
	GlobalSection(SharedMSBuildProjectFiles) = preSolution
		XamPet.Shared\XamPet.Shared\XamPet.Shared.projitems*{be0f8327-4051-4986-a343-795716f047c8}*SharedItemsImports = 13
	EndGlobalSection
	GlobalSection(SolutionConfigurationPlatforms) = preSolution
		AppStore|Any CPU = AppStore|Any CPU
		AppStore|ARM = AppStore|ARM
		AppStore|iPhone = AppStore|iPhone
		AppStore|iPhoneSimulator = AppStore|iPhoneSimulator
		AppStore|x86 = AppStore|x86
		Debug|Any CPU = Debug|Any CPU
		Debug|ARM = Debug|ARM
		Debug|iPhone = Debug|iPhone
		Debug|iPhoneSimulator = Debug|iPhoneSimulator
		Debug|x86 = Debug|x86
		Release|Any CPU = Release|Any CPU
		Release|ARM = Release|ARM
		Release|iPhone = Release|iPhone
		Release|iPhoneSimulator = Release|iPhoneSimulator
		Release|x86 = Release|x86
	EndGlobalSection
	GlobalSection(ProjectConfigurationPlatforms) = postSolution
		{FE3B6C9A-63CE-4317-AB25-944A67A38098}.AppStore|Any CPU.ActiveCfg = Release|Any CPU
		{FE3B6C9A-63CE-4317-AB25-944A67A38098}.AppStore|Any CPU.Build.0 = Release|Any CPU
		{FE3B6C9A-63CE-4317-AB25-944A67A38098}.AppStore|Any CPU.Deploy.0 = Release|Any CPU
		{FE3B6C9A-63CE-4317-AB25-944A67A38098}.AppStore|ARM.ActiveCfg = Release|Any CPU
		{FE3B6C9A-63CE-4317-AB25-944A67A38098}.AppStore|ARM.Build.0 = Release|Any CPU
		{FE3B6C9A-63CE-4317-AB25-944A67A38098}.AppStore|ARM.Deploy.0 = Release|Any CPU
		{FE3B6C9A-63CE-4317-AB25-944A67A38098}.AppStore|iPhone.ActiveCfg = Release|Any CPU
		{FE3B6C9A-63CE-4317-AB25-944A67A38098}.AppStore|iPhone.Build.0 = Release|Any CPU
		{FE3B6C9A-63CE-4317-AB25-944A67A38098}.AppStore|iPhone.Deploy.0 = Release|Any CPU
		{FE3B6C9A-63CE-4317-AB25-944A67A38098}.AppStore|iPhoneSimulator.ActiveCfg = Release|Any CPU
		{FE3B6C9A-63CE-4317-AB25-944A67A38098}.AppStore|iPhoneSimulator.Build.0 = Release|Any CPU
		{FE3B6C9A-63CE-4317-AB25-944A67A38098}.AppStore|iPhoneSimulator.Deploy.0 = Release|Any CPU
		{FE3B6C9A-63CE-4317-AB25-944A67A38098}.AppStore|x86.ActiveCfg = Release|Any CPU
		{FE3B6C9A-63CE-4317-AB25-944A67A38098}.AppStore|x86.Build.0 = Release|Any CPU
		{FE3B6C9A-63CE-4317-AB25-944A67A38098}.AppStore|x86.Deploy.0 = Release|Any CPU
		{FE3B6C9A-63CE-4317-AB25-944A67A38098}.Debug|Any CPU.ActiveCfg = Debug|Any CPU
		{FE3B6C9A-63CE-4317-AB25-944A67A38098}.Debug|Any CPU.Build.0 = Debug|Any CPU
		{FE3B6C9A-63CE-4317-AB25-944A67A38098}.Debug|Any CPU.Deploy.0 = Debug|Any CPU
		{FE3B6C9A-63CE-4317-AB25-944A67A38098}.Debug|ARM.ActiveCfg = Debug|Any CPU
		{FE3B6C9A-63CE-4317-AB25-944A67A38098}.Debug|ARM.Build.0 = Debug|Any CPU
		{FE3B6C9A-63CE-4317-AB25-944A67A38098}.Debug|ARM.Deploy.0 = Debug|Any CPU
		{FE3B6C9A-63CE-4317-AB25-944A67A38098}.Debug|iPhone.ActiveCfg = Debug|Any CPU
		{FE3B6C9A-63CE-4317-AB25-944A67A38098}.Debug|iPhone.Build.0 = Debug|Any CPU
		{FE3B6C9A-63CE-4317-AB25-944A67A38098}.Debug|iPhone.Deploy.0 = Debug|Any CPU
		{FE3B6C9A-63CE-4317-AB25-944A67A38098}.Debug|iPhoneSimulator.ActiveCfg = Debug|Any CPU
		{FE3B6C9A-63CE-4317-AB25-944A67A38098}.Debug|iPhoneSimulator.Build.0 = Debug|Any CPU
		{FE3B6C9A-63CE-4317-AB25-944A67A38098}.Debug|iPhoneSimulator.Deploy.0 = Debug|Any CPU
		{FE3B6C9A-63CE-4317-AB25-944A67A38098}.Debug|x86.ActiveCfg = Debug|Any CPU
		{FE3B6C9A-63CE-4317-AB25-944A67A38098}.Debug|x86.Build.0 = Debug|Any CPU
		{FE3B6C9A-63CE-4317-AB25-944A67A38098}.Debug|x86.Deploy.0 = Debug|Any CPU
		{FE3B6C9A-63CE-4317-AB25-944A67A38098}.Release|Any CPU.ActiveCfg = Release|Any CPU
		{FE3B6C9A-63CE-4317-AB25-944A67A38098}.Release|Any CPU.Build.0 = Release|Any CPU
		{FE3B6C9A-63CE-4317-AB25-944A67A38098}.Release|Any CPU.Deploy.0 = Release|Any CPU
		{FE3B6C9A-63CE-4317-AB25-944A67A38098}.Release|ARM.ActiveCfg = Release|Any CPU
		{FE3B6C9A-63CE-4317-AB25-944A67A38098}.Release|ARM.Build.0 = Release|Any CPU
		{FE3B6C9A-63CE-4317-AB25-944A67A38098}.Release|ARM.Deploy.0 = Release|Any CPU
		{FE3B6C9A-63CE-4317-AB25-944A67A38098}.Release|iPhone.ActiveCfg = Release|Any CPU
		{FE3B6C9A-63CE-4317-AB25-944A67A38098}.Release|iPhone.Build.0 = Release|Any CPU
		{FE3B6C9A-63CE-4317-AB25-944A67A38098}.Release|iPhone.Deploy.0 = Release|Any CPU
		{FE3B6C9A-63CE-4317-AB25-944A67A38098}.Release|iPhoneSimulator.ActiveCfg = Release|Any CPU
		{FE3B6C9A-63CE-4317-AB25-944A67A38098}.Release|iPhoneSimulator.Build.0 = Release|Any CPU
		{FE3B6C9A-63CE-4317-AB25-944A67A38098}.Release|iPhoneSimulator.Deploy.0 = Release|Any CPU
		{FE3B6C9A-63CE-4317-AB25-944A67A38098}.Release|x86.ActiveCfg = Release|Any CPU
		{FE3B6C9A-63CE-4317-AB25-944A67A38098}.Release|x86.Build.0 = Release|Any CPU
		{FE3B6C9A-63CE-4317-AB25-944A67A38098}.Release|x86.Deploy.0 = Release|Any CPU
		{A2E4E714-BC45-453C-849C-1D78D27DC7E5}.AppStore|Any CPU.ActiveCfg = AppStore|iPhone
		{A2E4E714-BC45-453C-849C-1D78D27DC7E5}.AppStore|ARM.ActiveCfg = AppStore|iPhone
		{A2E4E714-BC45-453C-849C-1D78D27DC7E5}.AppStore|iPhone.ActiveCfg = AppStore|iPhone
		{A2E4E714-BC45-453C-849C-1D78D27DC7E5}.AppStore|iPhone.Build.0 = AppStore|iPhone
		{A2E4E714-BC45-453C-849C-1D78D27DC7E5}.AppStore|iPhoneSimulator.ActiveCfg = AppStore|iPhoneSimulator
		{A2E4E714-BC45-453C-849C-1D78D27DC7E5}.AppStore|iPhoneSimulator.Build.0 = AppStore|iPhoneSimulator
		{A2E4E714-BC45-453C-849C-1D78D27DC7E5}.AppStore|x86.ActiveCfg = AppStore|iPhone
		{A2E4E714-BC45-453C-849C-1D78D27DC7E5}.Debug|Any CPU.ActiveCfg = Debug|iPhone
		{A2E4E714-BC45-453C-849C-1D78D27DC7E5}.Debug|ARM.ActiveCfg = Debug|iPhone
		{A2E4E714-BC45-453C-849C-1D78D27DC7E5}.Debug|iPhone.ActiveCfg = Debug|iPhone
		{A2E4E714-BC45-453C-849C-1D78D27DC7E5}.Debug|iPhone.Build.0 = Debug|iPhone
		{A2E4E714-BC45-453C-849C-1D78D27DC7E5}.Debug|iPhoneSimulator.ActiveCfg = Debug|iPhoneSimulator
		{A2E4E714-BC45-453C-849C-1D78D27DC7E5}.Debug|iPhoneSimulator.Build.0 = Debug|iPhoneSimulator
		{A2E4E714-BC45-453C-849C-1D78D27DC7E5}.Debug|x86.ActiveCfg = Debug|iPhone
		{A2E4E714-BC45-453C-849C-1D78D27DC7E5}.Release|Any CPU.ActiveCfg = Release|iPhone
		{A2E4E714-BC45-453C-849C-1D78D27DC7E5}.Release|ARM.ActiveCfg = Release|iPhone
		{A2E4E714-BC45-453C-849C-1D78D27DC7E5}.Release|iPhone.ActiveCfg = Release|iPhone
		{A2E4E714-BC45-453C-849C-1D78D27DC7E5}.Release|iPhone.Build.0 = Release|iPhone
		{A2E4E714-BC45-453C-849C-1D78D27DC7E5}.Release|iPhoneSimulator.ActiveCfg = Release|iPhoneSimulator
		{A2E4E714-BC45-453C-849C-1D78D27DC7E5}.Release|iPhoneSimulator.Build.0 = Release|iPhoneSimulator
		{A2E4E714-BC45-453C-849C-1D78D27DC7E5}.Release|x86.ActiveCfg = Release|iPhone
		{8B015331-719D-4C31-8EDB-B01BB83A0666}.AppStore|Any CPU.ActiveCfg = Release|Any CPU
		{8B015331-719D-4C31-8EDB-B01BB83A0666}.AppStore|Any CPU.Build.0 = Release|Any CPU
		{8B015331-719D-4C31-8EDB-B01BB83A0666}.AppStore|Any CPU.Deploy.0 = Release|Any CPU
		{8B015331-719D-4C31-8EDB-B01BB83A0666}.AppStore|ARM.ActiveCfg = Release|ARM
		{8B015331-719D-4C31-8EDB-B01BB83A0666}.AppStore|ARM.Build.0 = Release|ARM
		{8B015331-719D-4C31-8EDB-B01BB83A0666}.AppStore|ARM.Deploy.0 = Release|ARM
		{8B015331-719D-4C31-8EDB-B01BB83A0666}.AppStore|iPhone.ActiveCfg = Release|Any CPU
		{8B015331-719D-4C31-8EDB-B01BB83A0666}.AppStore|iPhone.Build.0 = Release|Any CPU
		{8B015331-719D-4C31-8EDB-B01BB83A0666}.AppStore|iPhone.Deploy.0 = Release|Any CPU
		{8B015331-719D-4C31-8EDB-B01BB83A0666}.AppStore|iPhoneSimulator.ActiveCfg = Release|Any CPU
		{8B015331-719D-4C31-8EDB-B01BB83A0666}.AppStore|iPhoneSimulator.Build.0 = Release|Any CPU
		{8B015331-719D-4C31-8EDB-B01BB83A0666}.AppStore|iPhoneSimulator.Deploy.0 = Release|Any CPU
		{8B015331-719D-4C31-8EDB-B01BB83A0666}.AppStore|x86.ActiveCfg = Release|x86
		{8B015331-719D-4C31-8EDB-B01BB83A0666}.AppStore|x86.Build.0 = Release|x86
		{8B015331-719D-4C31-8EDB-B01BB83A0666}.AppStore|x86.Deploy.0 = Release|x86
		{8B015331-719D-4C31-8EDB-B01BB83A0666}.Debug|Any CPU.ActiveCfg = Debug|Any CPU
		{8B015331-719D-4C31-8EDB-B01BB83A0666}.Debug|Any CPU.Build.0 = Debug|Any CPU
		{8B015331-719D-4C31-8EDB-B01BB83A0666}.Debug|Any CPU.Deploy.0 = Debug|Any CPU
		{8B015331-719D-4C31-8EDB-B01BB83A0666}.Debug|ARM.ActiveCfg = Debug|ARM
		{8B015331-719D-4C31-8EDB-B01BB83A0666}.Debug|ARM.Build.0 = Debug|ARM
		{8B015331-719D-4C31-8EDB-B01BB83A0666}.Debug|ARM.Deploy.0 = Debug|ARM
		{8B015331-719D-4C31-8EDB-B01BB83A0666}.Debug|iPhone.ActiveCfg = Debug|Any CPU
		{8B015331-719D-4C31-8EDB-B01BB83A0666}.Debug|iPhone.Build.0 = Debug|Any CPU
		{8B015331-719D-4C31-8EDB-B01BB83A0666}.Debug|iPhone.Deploy.0 = Debug|Any CPU
		{8B015331-719D-4C31-8EDB-B01BB83A0666}.Debug|iPhoneSimulator.ActiveCfg = Debug|Any CPU
		{8B015331-719D-4C31-8EDB-B01BB83A0666}.Debug|iPhoneSimulator.Build.0 = Debug|Any CPU
		{8B015331-719D-4C31-8EDB-B01BB83A0666}.Debug|iPhoneSimulator.Deploy.0 = Debug|Any CPU
		{8B015331-719D-4C31-8EDB-B01BB83A0666}.Debug|x86.ActiveCfg = Debug|x86
		{8B015331-719D-4C31-8EDB-B01BB83A0666}.Debug|x86.Build.0 = Debug|x86
		{8B015331-719D-4C31-8EDB-B01BB83A0666}.Debug|x86.Deploy.0 = Debug|x86
		{8B015331-719D-4C31-8EDB-B01BB83A0666}.Release|Any CPU.ActiveCfg = Release|Any CPU
		{8B015331-719D-4C31-8EDB-B01BB83A0666}.Release|Any CPU.Build.0 = Release|Any CPU
		{8B015331-719D-4C31-8EDB-B01BB83A0666}.Release|Any CPU.Deploy.0 = Release|Any CPU
		{8B015331-719D-4C31-8EDB-B01BB83A0666}.Release|ARM.ActiveCfg = Release|ARM
		{8B015331-719D-4C31-8EDB-B01BB83A0666}.Release|ARM.Build.0 = Release|ARM
		{8B015331-719D-4C31-8EDB-B01BB83A0666}.Release|ARM.Deploy.0 = Release|ARM
		{8B015331-719D-4C31-8EDB-B01BB83A0666}.Release|iPhone.ActiveCfg = Release|Any CPU
		{8B015331-719D-4C31-8EDB-B01BB83A0666}.Release|iPhone.Build.0 = Release|Any CPU
		{8B015331-719D-4C31-8EDB-B01BB83A0666}.Release|iPhone.Deploy.0 = Release|Any CPU
		{8B015331-719D-4C31-8EDB-B01BB83A0666}.Release|iPhoneSimulator.ActiveCfg = Release|Any CPU
		{8B015331-719D-4C31-8EDB-B01BB83A0666}.Release|iPhoneSimulator.Build.0 = Release|Any CPU
		{8B015331-719D-4C31-8EDB-B01BB83A0666}.Release|iPhoneSimulator.Deploy.0 = Release|Any CPU
		{8B015331-719D-4C31-8EDB-B01BB83A0666}.Release|x86.ActiveCfg = Release|x86
		{8B015331-719D-4C31-8EDB-B01BB83A0666}.Release|x86.Build.0 = Release|x86
		{8B015331-719D-4C31-8EDB-B01BB83A0666}.Release|x86.Deploy.0 = Release|x86
	EndGlobalSection
	GlobalSection(SolutionProperties) = preSolution
		HideSolutionNode = FALSE
	EndGlobalSection
EndGlobal
